
Microsoft Visual Studio Solution File, Format Version 12.00
# Visual Studio Version 17
VisualStudioVersion = 17.1.32319.34
MinimumVisualStudioVersion = 10.0.40219.1
Project("{9A19103F-16F7-4668-BE54-9A1E7A4F7556}") = "Clase2-Practica.Consola", "Clase2-Practica.Consola\Clase2-Practica.Consola.csproj", "{FF925CE2-2163-4AF7-B652-35ADC2E26268}"
EndProject
Project("{9A19103F-16F7-4668-BE54-9A1E7A4F7556}") = "Clase2-Practica.Web", "Clase2-Practica.Web\Clase2-Practica.Web.csproj", "{C804DAA7-9661-4D0D-9D1D-ADDE3D3FE49A}"
EndProject
Project("{FAE04EC0-301F-11D3-BF4B-00C04F79EFBC}") = "Clase2-Practica.Servicios", "Clase2-Practica.Servicios\Clase2-Practica.Servicios.csproj", "{82D307F0-006F-47C2-99AD-B822F6919F77}"
EndProject
Project("{FAE04EC0-301F-11D3-BF4B-00C04F79EFBC}") = "Clase2-Practica.Entidades", "Clase2-Practica.Entidades\Clase2-Practica.Entidades.csproj", "{4A4C3596-D81E-4141-9CE7-500BD41730BC}"
EndProject
Global
	GlobalSection(SolutionConfigurationPlatforms) = preSolution
		Debug|Any CPU = Debug|Any CPU
		Release|Any CPU = Release|Any CPU
	EndGlobalSection
	GlobalSection(ProjectConfigurationPlatforms) = postSolution
		{FF925CE2-2163-4AF7-B652-35ADC2E26268}.Debug|Any CPU.ActiveCfg = Debug|Any CPU
		{FF925CE2-2163-4AF7-B652-35ADC2E26268}.Debug|Any CPU.Build.0 = Debug|Any CPU
		{FF925CE2-2163-4AF7-B652-35ADC2E26268}.Release|Any CPU.ActiveCfg = Release|Any CPU
		{FF925CE2-2163-4AF7-B652-35ADC2E26268}.Release|Any CPU.Build.0 = Release|Any CPU
		{C804DAA7-9661-4D0D-9D1D-ADDE3D3FE49A}.Debug|Any CPU.ActiveCfg = Debug|Any CPU
		{C804DAA7-9661-4D0D-9D1D-ADDE3D3FE49A}.Debug|Any CPU.Build.0 = Debug|Any CPU
		{C804DAA7-9661-4D0D-9D1D-ADDE3D3FE49A}.Release|Any CPU.ActiveCfg = Release|Any CPU
		{C804DAA7-9661-4D0D-9D1D-ADDE3D3FE49A}.Release|Any CPU.Build.0 = Release|Any CPU
		{82D307F0-006F-47C2-99AD-B822F6919F77}.Debug|Any CPU.ActiveCfg = Debug|Any CPU
		{82D307F0-006F-47C2-99AD-B822F6919F77}.Debug|Any CPU.Build.0 = Debug|Any CPU
		{82D307F0-006F-47C2-99AD-B822F6919F77}.Release|Any CPU.ActiveCfg = Release|Any CPU
		{82D307F0-006F-47C2-99AD-B822F6919F77}.Release|Any CPU.Build.0 = Release|Any CPU
		{4A4C3596-D81E-4141-9CE7-500BD41730BC}.Debug|Any CPU.ActiveCfg = Debug|Any CPU
		{4A4C3596-D81E-4141-9CE7-500BD41730BC}.Debug|Any CPU.Build.0 = Debug|Any CPU
		{4A4C3596-D81E-4141-9CE7-500BD41730BC}.Release|Any CPU.ActiveCfg = Release|Any CPU
		{4A4C3596-D81E-4141-9CE7-500BD41730BC}.Release|Any CPU.Build.0 = Release|Any CPU
	EndGlobalSection
	GlobalSection(SolutionProperties) = preSolution
		HideSolutionNode = FALSE
	EndGlobalSection
	GlobalSection(ExtensibilityGlobals) = postSolution
		SolutionGuid = {54EA57FF-6A0C-4F2B-B29F-16A09D5BDEB6}
	EndGlobalSection
EndGlobal
