
Microsoft Visual Studio Solution File, Format Version 12.00
# Visual Studio Version 17
VisualStudioVersion = 17.1.32319.34
MinimumVisualStudioVersion = 10.0.40219.1
Project("{FAE04EC0-301F-11D3-BF4B-00C04F79EFBC}") = "Clase2-Practica.Consola", "Clase2-Practica.Consola\Clase2-Practica.Consola.csproj", "{FF925CE2-2163-4AF7-B652-35ADC2E26268}"
EndProject
Global
	GlobalSection(SolutionConfigurationPlatforms) = preSolution
		Debug|Any CPU = Debug|Any CPU
		Release|Any CPU = Release|Any CPU
	EndGlobalSection
	GlobalSection(ProjectConfigurationPlatforms) = postSolution
		{FF925CE2-2163-4AF7-B652-35ADC2E26268}.Debug|Any CPU.ActiveCfg = Debug|Any CPU
		{FF925CE2-2163-4AF7-B652-35ADC2E26268}.Debug|Any CPU.Build.0 = Debug|Any CPU
		{FF925CE2-2163-4AF7-B652-35ADC2E26268}.Release|Any CPU.ActiveCfg = Release|Any CPU
		{FF925CE2-2163-4AF7-B652-35ADC2E26268}.Release|Any CPU.Build.0 = Release|Any CPU
	EndGlobalSection
	GlobalSection(SolutionProperties) = preSolution
		HideSolutionNode = FALSE
	EndGlobalSection
	GlobalSection(ExtensibilityGlobals) = postSolution
		SolutionGuid = {54EA57FF-6A0C-4F2B-B29F-16A09D5BDEB6}
	EndGlobalSection
EndGlobal
